{
  "pins" : [
    {
      "identity" : "settings",
      "kind" : "remoteSourceControl",
      "location" : "https://github.com/sindresorhus/Settings",
      "state" : {
        "revision" : "c677bea28d92684911f93530d0b5f4c40eea743b",
        "version" : "3.0.5"
      }
    }
  ],
  "version" : 2
}
