{
  "originHash" : "12c146c7376efd203a6f6aa448ddb7bd97c8d91db9d89109f09a413633adcbed",
  "pins" : [
    {
      "identity" : "axtoolbox",
      "kind" : "remoteSourceControl",
      "location" : "https://github.com/ryanslikesocool/AXToolbox.git",
      "state" : {
        "revision" : "284f69b3ae07cba436131cc2c53c18dec7fce137",
        "version" : "0.0.5"
      }
    },
    {
      "identity" : "bundletoolbox",
      "kind" : "remoteSourceControl",
      "location" : "https://github.com/ryanslikesocool/BundleToolbox.git",
      "state" : {
        "revision" : "960091a5b2580b8b049b96a6d935ed50effaa382",
        "version" : "0.0.4"
      }
    },
    {
      "identity" : "declarativecore",
      "kind" : "remoteSourceControl",
      "location" : "https://github.com/ryanslikesocool/DeclarativeCore.git",
      "state" : {
        "revision" : "c94969f908deb5d6d6ff4732c1c44fffd2081cc8",
        "version" : "0.0.3"
      }
    },
    {
      "identity" : "localizationtoolbox",
      "kind" : "remoteSourceControl",
      "location" : "https://github.com/ryanslikesocool/LocalizationToolbox.git",
      "state" : {
        "revision" : "a8d83365834dce39bb6f71c83be494caf2dfcb9b",
        "version" : "0.0.3"
      }
    },
    {
      "identity" : "nsmetadatatoolbox",
      "kind" : "remoteSourceControl",
      "location" : "https://github.com/ryanslikesocool/NSMetadataToolbox.git",
      "state" : {
        "revision" : "d8d12caab16d9484d813787d23a775a5e08af7c7",
        "version" : "0.0.5"
      }
    },
    {
      "identity" : "sfsymboltoolbox",
      "kind" : "remoteSourceControl",
      "location" : "https://github.com/ryanslikesocool/SFSymbolToolbox.git",
      "state" : {
        "revision" : "3fe7d34a76b93006caf48ffce1be4c7f101af55b",
        "version" : "0.0.1"
      }
    }
  ],
  "version" : 3
}
