{
  "originHash" : "ef9142f7a6af6cae107030628e681e8209246e87d6d47d62de1099ebaab9623f",
  "pins" : [
    {
      "identity" : "axtoolbox",
      "kind" : "remoteSourceControl",
      "location" : "https://github.com/ryanslikesocool/AXToolbox.git",
      "state" : {
        "revision" : "284f69b3ae07cba436131cc2c53c18dec7fce137",
        "version" : "0.0.5"
      }
    },
    {
      "identity" : "bundletoolbox",
      "kind" : "remoteSourceControl",
      "location" : "https://github.com/ryanslikesocool/BundleToolbox.git",
      "state" : {
        "revision" : "83b67868dd2949ab401b8340727f8af6e5397d96",
        "version" : "0.0.5"
      }
    },
    {
      "identity" : "declarativecore",
      "kind" : "remoteSourceControl",
      "location" : "https://github.com/ryanslikesocool/DeclarativeCore.git",
      "state" : {
        "revision" : "c94969f908deb5d6d6ff4732c1c44fffd2081cc8",
        "version" : "0.0.3"
      }
    },
    {
      "identity" : "localizationtoolbox",
      "kind" : "remoteSourceControl",
      "location" : "https://github.com/ryanslikesocool/LocalizationToolbox.git",
      "state" : {
        "revision" : "e1a40f79acab1d73dc8366b8f9ec30a8f3613ef7",
        "version" : "0.0.4"
      }
    },
    {
      "identity" : "nsmetadatatoolbox",
      "kind" : "remoteSourceControl",
      "location" : "https://github.com/ryanslikesocool/NSMetadataToolbox.git",
      "state" : {
        "revision" : "cf29e914e7fc3968914b056eb16f7f742caf87df",
        "version" : "0.0.6"
      }
    },
    {
      "identity" : "sfsymboltoolbox",
      "kind" : "remoteSourceControl",
      "location" : "https://github.com/ryanslikesocool/SFSymbolToolbox.git",
      "state" : {
        "revision" : "ff50f6cd8680c7222bbd22b194ee2c7f558bf838",
        "version" : "0.0.2"
      }
    }
  ],
  "version" : 3
}
