// !$*UTF8*$!
{
	archiveVersion = 1;
	classes = {
	};
	objectVersion = 56;
	objects = {

/* Begin PBXBuildFile section */
		AF7C7A1D2A1A304800545B8B /* AppDelegate.swift in Sources */ = {isa = PBXBuildFile; fileRef = AF7C7A1C2A1A304800545B8B /* AppDelegate.swift */; };
		AF7C7A212A1A304900545B8B /* Assets.xcassets in Resources */ = {isa = PBXBuildFile; fileRef = AF7C7A202A1A304900545B8B /* Assets.xcassets */; };
		AF7C7A2D2A1A315A00545B8B /* main.swift in Sources */ = {isa = PBXBuildFile; fileRef = AF7C7A2C2A1A315A00545B8B /* main.swift */; };
		AF7C7A302A1A31FB00545B8B /* ContentView.swift in Sources */ = {isa = PBXBuildFile; fileRef = AF7C7A2F2A1A31FB00545B8B /* ContentView.swift */; };
		AFBCC0472A1B357000E2483D /* AppMenu.swift in Sources */ = {isa = PBXBuildFile; fileRef = AFBCC0462A1B357000E2483D /* AppMenu.swift */; };
		AFBCC0492A1B38F300E2483D /* NSMenuItem+Extension.swift in Sources */ = {isa = PBXBuildFile; fileRef = AFBCC0482A1B38F300E2483D /* NSMenuItem+Extension.swift */; };
		AFBCC04B2A1B3DAC00E2483D /* AppLibraryWindow.swift in Sources */ = {isa = PBXBuildFile; fileRef = AFBCC04A2A1B3DAC00E2483D /* AppLibraryWindow.swift */; };
		AFBCC04E2A1B4A7700E2483D /* AppSettings.swift in Sources */ = {isa = PBXBuildFile; fileRef = AFBCC04D2A1B4A7700E2483D /* AppSettings.swift */; };
		AFBCC0502A1B4B2700E2483D /* AppSettings.Display.swift in Sources */ = {isa = PBXBuildFile; fileRef = AFBCC04F2A1B4B2700E2483D /* AppSettings.Display.swift */; };
		AFBCC0522A1B4B3C00E2483D /* AppSettings.Directories.swift in Sources */ = {isa = PBXBuildFile; fileRef = AFBCC0512A1B4B3C00E2483D /* AppSettings.Directories.swift */; };
		AFBCC0552A1B502600E2483D /* TileUtilities.swift in Sources */ = {isa = PBXBuildFile; fileRef = AFBCC0542A1B502600E2483D /* TileUtilities.swift */; };
		AFBCC0572A1B504400E2483D /* URL+Extension.swift in Sources */ = {isa = PBXBuildFile; fileRef = AFBCC0562A1B504400E2483D /* URL+Extension.swift */; };
		AFBCC05B2A1B535F00E2483D /* NSImage+Extension.swift in Sources */ = {isa = PBXBuildFile; fileRef = AFBCC05A2A1B535F00E2483D /* NSImage+Extension.swift */; };
		AFBCC05D2A1B55AC00E2483D /* TileContextMenu.swift in Sources */ = {isa = PBXBuildFile; fileRef = AFBCC05C2A1B55AC00E2483D /* TileContextMenu.swift */; };
		AFBCC0602A1B64A800E2483D /* ApplicationInformation.swift in Sources */ = {isa = PBXBuildFile; fileRef = AFBCC05F2A1B64A800E2483D /* ApplicationInformation.swift */; };
		AFBCC0622A1B6AE700E2483D /* Array+Extension.swift in Sources */ = {isa = PBXBuildFile; fileRef = AFBCC0612A1B6AE700E2483D /* Array+Extension.swift */; };
		AFCE14F02A1A361D00889267 /* SearchBar.swift in Sources */ = {isa = PBXBuildFile; fileRef = AFCE14EF2A1A361D00889267 /* SearchBar.swift */; };
		AFCE14F32A1A388500889267 /* View+Extension.swift in Sources */ = {isa = PBXBuildFile; fileRef = AFCE14F22A1A388500889267 /* View+Extension.swift */; };
		AFCE14F52A1A4A7C00889267 /* ListTile.swift in Sources */ = {isa = PBXBuildFile; fileRef = AFCE14F42A1A4A7C00889267 /* ListTile.swift */; };
/* End PBXBuildFile section */

/* Begin PBXFileReference section */
		AF7C7A192A1A304800545B8B /* App Library.app */ = {isa = PBXFileReference; explicitFileType = wrapper.application; includeInIndex = 0; path = "App Library.app"; sourceTree = BUILT_PRODUCTS_DIR; };
		AF7C7A1C2A1A304800545B8B /* AppDelegate.swift */ = {isa = PBXFileReference; lastKnownFileType = sourcecode.swift; path = AppDelegate.swift; sourceTree = "<group>"; };
		AF7C7A202A1A304900545B8B /* Assets.xcassets */ = {isa = PBXFileReference; lastKnownFileType = folder.assetcatalog; path = Assets.xcassets; sourceTree = "<group>"; };
		AF7C7A252A1A304900545B8B /* AppLibrary.entitlements */ = {isa = PBXFileReference; lastKnownFileType = text.plist.entitlements; path = AppLibrary.entitlements; sourceTree = "<group>"; };
		AF7C7A2B2A1A30C200545B8B /* Info.plist */ = {isa = PBXFileReference; lastKnownFileType = text.plist; path = Info.plist; sourceTree = "<group>"; };
		AF7C7A2C2A1A315A00545B8B /* main.swift */ = {isa = PBXFileReference; lastKnownFileType = sourcecode.swift; path = main.swift; sourceTree = "<group>"; };
		AF7C7A2F2A1A31FB00545B8B /* ContentView.swift */ = {isa = PBXFileReference; lastKnownFileType = sourcecode.swift; path = ContentView.swift; sourceTree = "<group>"; };
		AFBCC0462A1B357000E2483D /* AppMenu.swift */ = {isa = PBXFileReference; lastKnownFileType = sourcecode.swift; path = AppMenu.swift; sourceTree = "<group>"; };
		AFBCC0482A1B38F300E2483D /* NSMenuItem+Extension.swift */ = {isa = PBXFileReference; lastKnownFileType = sourcecode.swift; path = "NSMenuItem+Extension.swift"; sourceTree = "<group>"; };
		AFBCC04A2A1B3DAC00E2483D /* AppLibraryWindow.swift */ = {isa = PBXFileReference; lastKnownFileType = sourcecode.swift; path = AppLibraryWindow.swift; sourceTree = "<group>"; };
		AFBCC04D2A1B4A7700E2483D /* AppSettings.swift */ = {isa = PBXFileReference; lastKnownFileType = sourcecode.swift; path = AppSettings.swift; sourceTree = "<group>"; };
		AFBCC04F2A1B4B2700E2483D /* AppSettings.Display.swift */ = {isa = PBXFileReference; lastKnownFileType = sourcecode.swift; path = AppSettings.Display.swift; sourceTree = "<group>"; };
		AFBCC0512A1B4B3C00E2483D /* AppSettings.Directories.swift */ = {isa = PBXFileReference; lastKnownFileType = sourcecode.swift; path = AppSettings.Directories.swift; sourceTree = "<group>"; };
		AFBCC0542A1B502600E2483D /* TileUtilities.swift */ = {isa = PBXFileReference; lastKnownFileType = sourcecode.swift; path = TileUtilities.swift; sourceTree = "<group>"; };
		AFBCC0562A1B504400E2483D /* URL+Extension.swift */ = {isa = PBXFileReference; lastKnownFileType = sourcecode.swift; path = "URL+Extension.swift"; sourceTree = "<group>"; };
		AFBCC05A2A1B535F00E2483D /* NSImage+Extension.swift */ = {isa = PBXFileReference; lastKnownFileType = sourcecode.swift; path = "NSImage+Extension.swift"; sourceTree = "<group>"; };
		AFBCC05C2A1B55AC00E2483D /* TileContextMenu.swift */ = {isa = PBXFileReference; lastKnownFileType = sourcecode.swift; path = TileContextMenu.swift; sourceTree = "<group>"; };
		AFBCC05F2A1B64A800E2483D /* ApplicationInformation.swift */ = {isa = PBXFileReference; lastKnownFileType = sourcecode.swift; path = ApplicationInformation.swift; sourceTree = "<group>"; };
		AFBCC0612A1B6AE700E2483D /* Array+Extension.swift */ = {isa = PBXFileReference; lastKnownFileType = sourcecode.swift; path = "Array+Extension.swift"; sourceTree = "<group>"; };
		AFCE14EF2A1A361D00889267 /* SearchBar.swift */ = {isa = PBXFileReference; lastKnownFileType = sourcecode.swift; path = SearchBar.swift; sourceTree = "<group>"; };
		AFCE14F22A1A388500889267 /* View+Extension.swift */ = {isa = PBXFileReference; lastKnownFileType = sourcecode.swift; path = "View+Extension.swift"; sourceTree = "<group>"; };
		AFCE14F42A1A4A7C00889267 /* ListTile.swift */ = {isa = PBXFileReference; lastKnownFileType = sourcecode.swift; path = ListTile.swift; sourceTree = "<group>"; };
/* End PBXFileReference section */

/* Begin PBXFrameworksBuildPhase section */
		AF7C7A162A1A304800545B8B /* Frameworks */ = {
			isa = PBXFrameworksBuildPhase;
			buildActionMask = 2147483647;
			files = (
			);
			runOnlyForDeploymentPostprocessing = 0;
		};
/* End PBXFrameworksBuildPhase section */

/* Begin PBXGroup section */
		AF7C7A102A1A304800545B8B = {
			isa = PBXGroup;
			children = (
				AF7C7A1B2A1A304800545B8B /* AppLibrary */,
				AF7C7A1A2A1A304800545B8B /* Products */,
			);
			sourceTree = "<group>";
		};
		AF7C7A1A2A1A304800545B8B /* Products */ = {
			isa = PBXGroup;
			children = (
				AF7C7A192A1A304800545B8B /* App Library.app */,
			);
			name = Products;
			sourceTree = "<group>";
		};
		AF7C7A1B2A1A304800545B8B /* AppLibrary */ = {
			isa = PBXGroup;
			children = (
				AF7C7A252A1A304900545B8B /* AppLibrary.entitlements */,
				AF7C7A2B2A1A30C200545B8B /* Info.plist */,
				AF7C7A2C2A1A315A00545B8B /* main.swift */,
				AF7C7A202A1A304900545B8B /* Assets.xcassets */,
				AFBCC0452A1B356600E2483D /* Application */,
				AFBCC05E2A1B649500E2483D /* Data */,
				AFCE14F12A1A387900889267 /* Extensions */,
				AFBCC0532A1B501D00E2483D /* Helpers */,
				AFBCC04C2A1B4A6200E2483D /* Settings */,
				AF7C7A2E2A1A31EF00545B8B /* Views */,
			);
			path = AppLibrary;
			sourceTree = "<group>";
		};
		AF7C7A2E2A1A31EF00545B8B /* Views */ = {
			isa = PBXGroup;
			children = (
				AFBCC04A2A1B3DAC00E2483D /* AppLibraryWindow.swift */,
				AF7C7A2F2A1A31FB00545B8B /* ContentView.swift */,
				AFCE14F42A1A4A7C00889267 /* ListTile.swift */,
				AFCE14EF2A1A361D00889267 /* SearchBar.swift */,
				AFBCC05C2A1B55AC00E2483D /* TileContextMenu.swift */,
			);
			path = Views;
			sourceTree = "<group>";
		};
		AFBCC0452A1B356600E2483D /* Application */ = {
			isa = PBXGroup;
			children = (
				AF7C7A1C2A1A304800545B8B /* AppDelegate.swift */,
				AFBCC0462A1B357000E2483D /* AppMenu.swift */,
			);
			path = Application;
			sourceTree = "<group>";
		};
		AFBCC04C2A1B4A6200E2483D /* Settings */ = {
			isa = PBXGroup;
			children = (
				AFBCC0512A1B4B3C00E2483D /* AppSettings.Directories.swift */,
				AFBCC04F2A1B4B2700E2483D /* AppSettings.Display.swift */,
				AFBCC04D2A1B4A7700E2483D /* AppSettings.swift */,
			);
			path = Settings;
			sourceTree = "<group>";
		};
		AFBCC0532A1B501D00E2483D /* Helpers */ = {
			isa = PBXGroup;
			children = (
				AFBCC0542A1B502600E2483D /* TileUtilities.swift */,
			);
			path = Helpers;
			sourceTree = "<group>";
		};
		AFBCC05E2A1B649500E2483D /* Data */ = {
			isa = PBXGroup;
			children = (
				AFBCC05F2A1B64A800E2483D /* ApplicationInformation.swift */,
			);
			path = Data;
			sourceTree = "<group>";
		};
		AFCE14F12A1A387900889267 /* Extensions */ = {
			isa = PBXGroup;
			children = (
				AFBCC0612A1B6AE700E2483D /* Array+Extension.swift */,
				AFBCC05A2A1B535F00E2483D /* NSImage+Extension.swift */,
				AFBCC0482A1B38F300E2483D /* NSMenuItem+Extension.swift */,
				AFBCC0562A1B504400E2483D /* URL+Extension.swift */,
				AFCE14F22A1A388500889267 /* View+Extension.swift */,
			);
			path = Extensions;
			sourceTree = "<group>";
		};
/* End PBXGroup section */

/* Begin PBXNativeTarget section */
		AF7C7A182A1A304800545B8B /* App Library */ = {
			isa = PBXNativeTarget;
			buildConfigurationList = AF7C7A282A1A304900545B8B /* Build configuration list for PBXNativeTarget "App Library" */;
			buildPhases = (
				AF7C7A152A1A304800545B8B /* Sources */,
				AF7C7A162A1A304800545B8B /* Frameworks */,
				AF7C7A172A1A304800545B8B /* Resources */,
			);
			buildRules = (
			);
			dependencies = (
			);
			name = "App Library";
			productName = AppLibrary;
			productReference = AF7C7A192A1A304800545B8B /* App Library.app */;
			productType = "com.apple.product-type.application";
		};
/* End PBXNativeTarget section */

/* Begin PBXProject section */
		AF7C7A112A1A304800545B8B /* Project object */ = {
			isa = PBXProject;
			attributes = {
				BuildIndependentTargetsInParallel = 1;
				LastSwiftUpdateCheck = 1430;
				LastUpgradeCheck = 1430;
				TargetAttributes = {
					AF7C7A182A1A304800545B8B = {
						CreatedOnToolsVersion = 14.3;
					};
				};
			};
			buildConfigurationList = AF7C7A142A1A304800545B8B /* Build configuration list for PBXProject "AppLibrary" */;
			compatibilityVersion = "Xcode 14.0";
			developmentRegion = en;
			hasScannedForEncodings = 0;
			knownRegions = (
				en,
				Base,
			);
			mainGroup = AF7C7A102A1A304800545B8B;
			productRefGroup = AF7C7A1A2A1A304800545B8B /* Products */;
			projectDirPath = "";
			projectRoot = "";
			targets = (
				AF7C7A182A1A304800545B8B /* App Library */,
			);
		};
/* End PBXProject section */

/* Begin PBXResourcesBuildPhase section */
		AF7C7A172A1A304800545B8B /* Resources */ = {
			isa = PBXResourcesBuildPhase;
			buildActionMask = 2147483647;
			files = (
				AF7C7A212A1A304900545B8B /* Assets.xcassets in Resources */,
			);
			runOnlyForDeploymentPostprocessing = 0;
		};
/* End PBXResourcesBuildPhase section */

/* Begin PBXSourcesBuildPhase section */
		AF7C7A152A1A304800545B8B /* Sources */ = {
			isa = PBXSourcesBuildPhase;
			buildActionMask = 2147483647;
			files = (
				AF7C7A2D2A1A315A00545B8B /* main.swift in Sources */,
				AFCE14F52A1A4A7C00889267 /* ListTile.swift in Sources */,
				AFBCC05B2A1B535F00E2483D /* NSImage+Extension.swift in Sources */,
				AFBCC0622A1B6AE700E2483D /* Array+Extension.swift in Sources */,
				AFBCC04B2A1B3DAC00E2483D /* AppLibraryWindow.swift in Sources */,
				AFBCC0502A1B4B2700E2483D /* AppSettings.Display.swift in Sources */,
				AFBCC0492A1B38F300E2483D /* NSMenuItem+Extension.swift in Sources */,
				AFBCC0572A1B504400E2483D /* URL+Extension.swift in Sources */,
				AFBCC0522A1B4B3C00E2483D /* AppSettings.Directories.swift in Sources */,
				AFBCC05D2A1B55AC00E2483D /* TileContextMenu.swift in Sources */,
				AFCE14F02A1A361D00889267 /* SearchBar.swift in Sources */,
				AFBCC0472A1B357000E2483D /* AppMenu.swift in Sources */,
				AFCE14F32A1A388500889267 /* View+Extension.swift in Sources */,
				AF7C7A1D2A1A304800545B8B /* AppDelegate.swift in Sources */,
				AFBCC0602A1B64A800E2483D /* ApplicationInformation.swift in Sources */,
				AFBCC04E2A1B4A7700E2483D /* AppSettings.swift in Sources */,
				AF7C7A302A1A31FB00545B8B /* ContentView.swift in Sources */,
				AFBCC0552A1B502600E2483D /* TileUtilities.swift in Sources */,
			);
			runOnlyForDeploymentPostprocessing = 0;
		};
/* End PBXSourcesBuildPhase section */

/* Begin XCBuildConfiguration section */
		AF7C7A262A1A304900545B8B /* Debug */ = {
			isa = XCBuildConfiguration;
			buildSettings = {
				ALWAYS_SEARCH_USER_PATHS = NO;
				CLANG_ANALYZER_NONNULL = YES;
				CLANG_ANALYZER_NUMBER_OBJECT_CONVERSION = YES_AGGRESSIVE;
				CLANG_CXX_LANGUAGE_STANDARD = "gnu++20";
				CLANG_ENABLE_MODULES = YES;
				CLANG_ENABLE_OBJC_ARC = YES;
				CLANG_ENABLE_OBJC_WEAK = YES;
				CLANG_WARN_BLOCK_CAPTURE_AUTORELEASING = YES;
				CLANG_WARN_BOOL_CONVERSION = YES;
				CLANG_WARN_COMMA = YES;
				CLANG_WARN_CONSTANT_CONVERSION = YES;
				CLANG_WARN_DEPRECATED_OBJC_IMPLEMENTATIONS = YES;
				CLANG_WARN_DIRECT_OBJC_ISA_USAGE = YES_ERROR;
				CLANG_WARN_DOCUMENTATION_COMMENTS = YES;
				CLANG_WARN_EMPTY_BODY = YES;
				CLANG_WARN_ENUM_CONVERSION = YES;
				CLANG_WARN_INFINITE_RECURSION = YES;
				CLANG_WARN_INT_CONVERSION = YES;
				CLANG_WARN_NON_LITERAL_NULL_CONVERSION = YES;
				CLANG_WARN_OBJC_IMPLICIT_RETAIN_SELF = YES;
				CLANG_WARN_OBJC_LITERAL_CONVERSION = YES;
				CLANG_WARN_OBJC_ROOT_CLASS = YES_ERROR;
				CLANG_WARN_QUOTED_INCLUDE_IN_FRAMEWORK_HEADER = YES;
				CLANG_WARN_RANGE_LOOP_ANALYSIS = YES;
				CLANG_WARN_STRICT_PROTOTYPES = YES;
				CLANG_WARN_SUSPICIOUS_MOVE = YES;
				CLANG_WARN_UNGUARDED_AVAILABILITY = YES_AGGRESSIVE;
				CLANG_WARN_UNREACHABLE_CODE = YES;
				CLANG_WARN__DUPLICATE_METHOD_MATCH = YES;
				COPY_PHASE_STRIP = NO;
				DEBUG_INFORMATION_FORMAT = dwarf;
				ENABLE_STRICT_OBJC_MSGSEND = YES;
				ENABLE_TESTABILITY = YES;
				GCC_C_LANGUAGE_STANDARD = gnu11;
				GCC_DYNAMIC_NO_PIC = NO;
				GCC_NO_COMMON_BLOCKS = YES;
				GCC_OPTIMIZATION_LEVEL = 0;
				GCC_PREPROCESSOR_DEFINITIONS = (
					"DEBUG=1",
					"$(inherited)",
				);
				GCC_WARN_64_TO_32_BIT_CONVERSION = YES;
				GCC_WARN_ABOUT_RETURN_TYPE = YES_ERROR;
				GCC_WARN_UNDECLARED_SELECTOR = YES;
				GCC_WARN_UNINITIALIZED_AUTOS = YES_AGGRESSIVE;
				GCC_WARN_UNUSED_FUNCTION = YES;
				GCC_WARN_UNUSED_VARIABLE = YES;
				MACOSX_DEPLOYMENT_TARGET = 13.3;
				MTL_ENABLE_DEBUG_INFO = INCLUDE_SOURCE;
				MTL_FAST_MATH = YES;
				ONLY_ACTIVE_ARCH = YES;
				SDKROOT = macosx;
				SWIFT_ACTIVE_COMPILATION_CONDITIONS = DEBUG;
				SWIFT_OPTIMIZATION_LEVEL = "-Onone";
			};
			name = Debug;
		};
		AF7C7A272A1A304900545B8B /* Release */ = {
			isa = XCBuildConfiguration;
			buildSettings = {
				ALWAYS_SEARCH_USER_PATHS = NO;
				CLANG_ANALYZER_NONNULL = YES;
				CLANG_ANALYZER_NUMBER_OBJECT_CONVERSION = YES_AGGRESSIVE;
				CLANG_CXX_LANGUAGE_STANDARD = "gnu++20";
				CLANG_ENABLE_MODULES = YES;
				CLANG_ENABLE_OBJC_ARC = YES;
				CLANG_ENABLE_OBJC_WEAK = YES;
				CLANG_WARN_BLOCK_CAPTURE_AUTORELEASING = YES;
				CLANG_WARN_BOOL_CONVERSION = YES;
				CLANG_WARN_COMMA = YES;
				CLANG_WARN_CONSTANT_CONVERSION = YES;
				CLANG_WARN_DEPRECATED_OBJC_IMPLEMENTATIONS = YES;
				CLANG_WARN_DIRECT_OBJC_ISA_USAGE = YES_ERROR;
				CLANG_WARN_DOCUMENTATION_COMMENTS = YES;
				CLANG_WARN_EMPTY_BODY = YES;
				CLANG_WARN_ENUM_CONVERSION = YES;
				CLANG_WARN_INFINITE_RECURSION = YES;
				CLANG_WARN_INT_CONVERSION = YES;
				CLANG_WARN_NON_LITERAL_NULL_CONVERSION = YES;
				CLANG_WARN_OBJC_IMPLICIT_RETAIN_SELF = YES;
				CLANG_WARN_OBJC_LITERAL_CONVERSION = YES;
				CLANG_WARN_OBJC_ROOT_CLASS = YES_ERROR;
				CLANG_WARN_QUOTED_INCLUDE_IN_FRAMEWORK_HEADER = YES;
				CLANG_WARN_RANGE_LOOP_ANALYSIS = YES;
				CLANG_WARN_STRICT_PROTOTYPES = YES;
				CLANG_WARN_SUSPICIOUS_MOVE = YES;
				CLANG_WARN_UNGUARDED_AVAILABILITY = YES_AGGRESSIVE;
				CLANG_WARN_UNREACHABLE_CODE = YES;
				CLANG_WARN__DUPLICATE_METHOD_MATCH = YES;
				COPY_PHASE_STRIP = NO;
				DEBUG_INFORMATION_FORMAT = "dwarf-with-dsym";
				ENABLE_NS_ASSERTIONS = NO;
				ENABLE_STRICT_OBJC_MSGSEND = YES;
				GCC_C_LANGUAGE_STANDARD = gnu11;
				GCC_NO_COMMON_BLOCKS = YES;
				GCC_WARN_64_TO_32_BIT_CONVERSION = YES;
				GCC_WARN_ABOUT_RETURN_TYPE = YES_ERROR;
				GCC_WARN_UNDECLARED_SELECTOR = YES;
				GCC_WARN_UNINITIALIZED_AUTOS = YES_AGGRESSIVE;
				GCC_WARN_UNUSED_FUNCTION = YES;
				GCC_WARN_UNUSED_VARIABLE = YES;
				MACOSX_DEPLOYMENT_TARGET = 13.3;
				MTL_ENABLE_DEBUG_INFO = NO;
				MTL_FAST_MATH = YES;
				SDKROOT = macosx;
				SWIFT_COMPILATION_MODE = wholemodule;
				SWIFT_OPTIMIZATION_LEVEL = "-O";
			};
			name = Release;
		};
		AF7C7A292A1A304900545B8B /* Debug */ = {
			isa = XCBuildConfiguration;
			buildSettings = {
				ASSETCATALOG_COMPILER_APPICON_NAME = AppIcon;
				ASSETCATALOG_COMPILER_GLOBAL_ACCENT_COLOR_NAME = AccentColor;
				CODE_SIGN_ENTITLEMENTS = AppLibrary/AppLibrary.entitlements;
				CODE_SIGN_STYLE = Automatic;
				COMBINE_HIDPI_IMAGES = YES;
				CURRENT_PROJECT_VERSION = 225;
				DEVELOPMENT_TEAM = 838RGQ32CA;
				ENABLE_HARDENED_RUNTIME = YES;
				GENERATE_INFOPLIST_FILE = YES;
				INFOPLIST_FILE = AppLibrary/Info.plist;
				INFOPLIST_KEY_CFBundleDisplayName = "App Library";
				INFOPLIST_KEY_LSApplicationCategoryType = "public.app-category.utilities";
				INFOPLIST_KEY_NSHumanReadableCopyright = "";
				INFOPLIST_KEY_NSPrincipalClass = NSApplication;
				LD_RUNPATH_SEARCH_PATHS = (
					"$(inherited)",
					"@executable_path/../Frameworks",
				);
				MACOSX_DEPLOYMENT_TARGET = 13.0;
				MARKETING_VERSION = 1.0.0;
				PRODUCT_BUNDLE_IDENTIFIER = com.DevelopedWithLove.AppLibrary;
				PRODUCT_NAME = "$(TARGET_NAME)";
				SWIFT_EMIT_LOC_STRINGS = YES;
				SWIFT_VERSION = 5.0;
			};
			name = Debug;
		};
		AF7C7A2A2A1A304900545B8B /* Release */ = {
			isa = XCBuildConfiguration;
			buildSettings = {
				ASSETCATALOG_COMPILER_APPICON_NAME = AppIcon;
				ASSETCATALOG_COMPILER_GLOBAL_ACCENT_COLOR_NAME = AccentColor;
				CODE_SIGN_ENTITLEMENTS = AppLibrary/AppLibrary.entitlements;
				CODE_SIGN_STYLE = Automatic;
				COMBINE_HIDPI_IMAGES = YES;
				CURRENT_PROJECT_VERSION = 225;
				DEVELOPMENT_TEAM = 838RGQ32CA;
				ENABLE_HARDENED_RUNTIME = YES;
				GENERATE_INFOPLIST_FILE = YES;
				INFOPLIST_FILE = AppLibrary/Info.plist;
				INFOPLIST_KEY_CFBundleDisplayName = "App Library";
				INFOPLIST_KEY_LSApplicationCategoryType = "public.app-category.utilities";
				INFOPLIST_KEY_NSHumanReadableCopyright = "";
				INFOPLIST_KEY_NSPrincipalClass = NSApplication;
				LD_RUNPATH_SEARCH_PATHS = (
					"$(inherited)",
					"@executable_path/../Frameworks",
				);
				MACOSX_DEPLOYMENT_TARGET = 13.0;
				MARKETING_VERSION = 1.0.0;
				PRODUCT_BUNDLE_IDENTIFIER = com.DevelopedWithLove.AppLibrary;
				PRODUCT_NAME = "$(TARGET_NAME)";
				SWIFT_EMIT_LOC_STRINGS = YES;
				SWIFT_VERSION = 5.0;
			};
			name = Release;
		};
/* End XCBuildConfiguration section */

/* Begin XCConfigurationList section */
		AF7C7A142A1A304800545B8B /* Build configuration list for PBXProject "AppLibrary" */ = {
			isa = XCConfigurationList;
			buildConfigurations = (
				AF7C7A262A1A304900545B8B /* Debug */,
				AF7C7A272A1A304900545B8B /* Release */,
			);
			defaultConfigurationIsVisible = 0;
			defaultConfigurationName = Release;
		};
		AF7C7A282A1A304900545B8B /* Build configuration list for PBXNativeTarget "App Library" */ = {
			isa = XCConfigurationList;
			buildConfigurations = (
				AF7C7A292A1A304900545B8B /* Debug */,
				AF7C7A2A2A1A304900545B8B /* Release */,
			);
			defaultConfigurationIsVisible = 0;
			defaultConfigurationName = Release;
		};
/* End XCConfigurationList section */
	};
	rootObject = AF7C7A112A1A304800545B8B /* Project object */;
}
