// !$*UTF8*$!
{
	archiveVersion = 1;
	classes = {
	};
	objectVersion = 56;
	objects = {

/* Begin PBXBuildFile section */
		AF3180A329A083BB00AE8A35 /* App.swift in Sources */ = {isa = PBXBuildFile; fileRef = AF3180A229A083BB00AE8A35 /* App.swift */; };
		AF3180A529A083BB00AE8A35 /* ContentView.swift in Sources */ = {isa = PBXBuildFile; fileRef = AF3180A429A083BB00AE8A35 /* ContentView.swift */; };
		AF3180A729A083BD00AE8A35 /* Assets.xcassets in Resources */ = {isa = PBXBuildFile; fileRef = AF3180A629A083BD00AE8A35 /* Assets.xcassets */; };
		AF3180BB29A0863F00AE8A35 /* AppState.swift in Sources */ = {isa = PBXBuildFile; fileRef = AF3180BA29A0863F00AE8A35 /* AppState.swift */; };
		AF3180BD29A0867C00AE8A35 /* AppTile.swift in Sources */ = {isa = PBXBuildFile; fileRef = AF3180BC29A0867C00AE8A35 /* AppTile.swift */; };
		AF3180C029A0877000AE8A35 /* DockUtility.swift in Sources */ = {isa = PBXBuildFile; fileRef = AF3180BF29A0877000AE8A35 /* DockUtility.swift */; };
		AF3180C229A096D400AE8A35 /* NSImage+Extension.swift in Sources */ = {isa = PBXBuildFile; fileRef = AF3180C129A096D400AE8A35 /* NSImage+Extension.swift */; };
		AF3180C529A0986100AE8A35 /* LoveCore in Frameworks */ = {isa = PBXBuildFile; productRef = AF3180C429A0986100AE8A35 /* LoveCore */; };
		AF3180C729A0986100AE8A35 /* MoreViews in Frameworks */ = {isa = PBXBuildFile; productRef = AF3180C629A0986100AE8A35 /* MoreViews */; };
		AF4C9BBC29A0A12000BDBEC4 /* GrantPermissionsView.swift in Sources */ = {isa = PBXBuildFile; fileRef = AF4C9BBB29A0A12000BDBEC4 /* GrantPermissionsView.swift */; };
		AF4C9BBF29A0A2B300BDBEC4 /* Bookmarks.swift in Sources */ = {isa = PBXBuildFile; fileRef = AF4C9BBE29A0A2B300BDBEC4 /* Bookmarks.swift */; };
		AF4C9BC129A0A65E00BDBEC4 /* AppListView.swift in Sources */ = {isa = PBXBuildFile; fileRef = AF4C9BC029A0A65E00BDBEC4 /* AppListView.swift */; };
		AF4C9BC329A0AE5B00BDBEC4 /* SettingsView.swift in Sources */ = {isa = PBXBuildFile; fileRef = AF4C9BC229A0AE5B00BDBEC4 /* SettingsView.swift */; };
		AF4C9BC529A0AFC600BDBEC4 /* UserDefaults+Extension.swift in Sources */ = {isa = PBXBuildFile; fileRef = AF4C9BC429A0AFC600BDBEC4 /* UserDefaults+Extension.swift */; };
		AF4C9BC729A0B41B00BDBEC4 /* AppSettings.swift in Sources */ = {isa = PBXBuildFile; fileRef = AF4C9BC629A0B41B00BDBEC4 /* AppSettings.swift */; };
		AF4C9BC929A0D68000BDBEC4 /* AppDelegate.swift in Sources */ = {isa = PBXBuildFile; fileRef = AF4C9BC829A0D68000BDBEC4 /* AppDelegate.swift */; };
		AF4C9BCC29A19D6200BDBEC4 /* LibraryStyle.swift in Sources */ = {isa = PBXBuildFile; fileRef = AF4C9BCB29A19D6200BDBEC4 /* LibraryStyle.swift */; };
		AF4C9BCE29A20EE300BDBEC4 /* DockView.swift in Sources */ = {isa = PBXBuildFile; fileRef = AF4C9BCD29A20EE300BDBEC4 /* DockView.swift */; };
/* End PBXBuildFile section */

/* Begin PBXFileReference section */
		AF31809F29A083BB00AE8A35 /* AppLibrary.app */ = {isa = PBXFileReference; explicitFileType = wrapper.application; includeInIndex = 0; path = AppLibrary.app; sourceTree = BUILT_PRODUCTS_DIR; };
		AF3180A229A083BB00AE8A35 /* App.swift */ = {isa = PBXFileReference; lastKnownFileType = sourcecode.swift; path = App.swift; sourceTree = "<group>"; };
		AF3180A429A083BB00AE8A35 /* ContentView.swift */ = {isa = PBXFileReference; lastKnownFileType = sourcecode.swift; path = ContentView.swift; sourceTree = "<group>"; };
		AF3180A629A083BD00AE8A35 /* Assets.xcassets */ = {isa = PBXFileReference; lastKnownFileType = folder.assetcatalog; path = Assets.xcassets; sourceTree = "<group>"; };
		AF3180AB29A083BD00AE8A35 /* AppLibrary.entitlements */ = {isa = PBXFileReference; lastKnownFileType = text.plist.entitlements; path = AppLibrary.entitlements; sourceTree = "<group>"; };
		AF3180B229A0844B00AE8A35 /* LoveCore */ = {isa = PBXFileReference; lastKnownFileType = wrapper; name = LoveCore; path = ../../LoveCore; sourceTree = "<group>"; };
		AF3180B329A0845B00AE8A35 /* MathematicsKit */ = {isa = PBXFileReference; lastKnownFileType = wrapper; name = MathematicsKit; path = ../../MathematicsKit; sourceTree = "<group>"; };
		AF3180B429A0846A00AE8A35 /* MoreViews */ = {isa = PBXFileReference; lastKnownFileType = wrapper; name = MoreViews; path = ../../MoreViews; sourceTree = "<group>"; };
		AF3180BA29A0863F00AE8A35 /* AppState.swift */ = {isa = PBXFileReference; lastKnownFileType = sourcecode.swift; path = AppState.swift; sourceTree = "<group>"; };
		AF3180BC29A0867C00AE8A35 /* AppTile.swift */ = {isa = PBXFileReference; lastKnownFileType = sourcecode.swift; path = AppTile.swift; sourceTree = "<group>"; };
		AF3180BF29A0877000AE8A35 /* DockUtility.swift */ = {isa = PBXFileReference; lastKnownFileType = sourcecode.swift; path = DockUtility.swift; sourceTree = "<group>"; };
		AF3180C129A096D400AE8A35 /* NSImage+Extension.swift */ = {isa = PBXFileReference; lastKnownFileType = sourcecode.swift; path = "NSImage+Extension.swift"; sourceTree = "<group>"; };
		AF4C9BBB29A0A12000BDBEC4 /* GrantPermissionsView.swift */ = {isa = PBXFileReference; lastKnownFileType = sourcecode.swift; path = GrantPermissionsView.swift; sourceTree = "<group>"; };
		AF4C9BBD29A0A14B00BDBEC4 /* Info.plist */ = {isa = PBXFileReference; lastKnownFileType = text.plist; path = Info.plist; sourceTree = "<group>"; };
		AF4C9BBE29A0A2B300BDBEC4 /* Bookmarks.swift */ = {isa = PBXFileReference; lastKnownFileType = sourcecode.swift; path = Bookmarks.swift; sourceTree = "<group>"; };
		AF4C9BC029A0A65E00BDBEC4 /* AppListView.swift */ = {isa = PBXFileReference; lastKnownFileType = sourcecode.swift; path = AppListView.swift; sourceTree = "<group>"; };
		AF4C9BC229A0AE5B00BDBEC4 /* SettingsView.swift */ = {isa = PBXFileReference; lastKnownFileType = sourcecode.swift; path = SettingsView.swift; sourceTree = "<group>"; };
		AF4C9BC429A0AFC600BDBEC4 /* UserDefaults+Extension.swift */ = {isa = PBXFileReference; lastKnownFileType = sourcecode.swift; path = "UserDefaults+Extension.swift"; sourceTree = "<group>"; };
		AF4C9BC629A0B41B00BDBEC4 /* AppSettings.swift */ = {isa = PBXFileReference; lastKnownFileType = sourcecode.swift; path = AppSettings.swift; sourceTree = "<group>"; };
		AF4C9BC829A0D68000BDBEC4 /* AppDelegate.swift */ = {isa = PBXFileReference; lastKnownFileType = sourcecode.swift; path = AppDelegate.swift; sourceTree = "<group>"; };
		AF4C9BCB29A19D6200BDBEC4 /* LibraryStyle.swift */ = {isa = PBXFileReference; lastKnownFileType = sourcecode.swift; path = LibraryStyle.swift; sourceTree = "<group>"; };
		AF4C9BCD29A20EE300BDBEC4 /* DockView.swift */ = {isa = PBXFileReference; lastKnownFileType = sourcecode.swift; path = DockView.swift; sourceTree = "<group>"; };
/* End PBXFileReference section */

/* Begin PBXFrameworksBuildPhase section */
		AF31809C29A083BB00AE8A35 /* Frameworks */ = {
			isa = PBXFrameworksBuildPhase;
			buildActionMask = 2147483647;
			files = (
				AF3180C729A0986100AE8A35 /* MoreViews in Frameworks */,
				AF3180C529A0986100AE8A35 /* LoveCore in Frameworks */,
			);
			runOnlyForDeploymentPostprocessing = 0;
		};
/* End PBXFrameworksBuildPhase section */

/* Begin PBXGroup section */
		AF31809629A083BB00AE8A35 = {
			isa = PBXGroup;
			children = (
				AF3180B129A0843F00AE8A35 /* Packages */,
				AF3180A129A083BB00AE8A35 /* AppLibrary */,
				AF3180A029A083BB00AE8A35 /* Products */,
				AF3180C329A0986100AE8A35 /* Frameworks */,
			);
			sourceTree = "<group>";
		};
		AF3180A029A083BB00AE8A35 /* Products */ = {
			isa = PBXGroup;
			children = (
				AF31809F29A083BB00AE8A35 /* AppLibrary.app */,
			);
			name = Products;
			sourceTree = "<group>";
		};
		AF3180A129A083BB00AE8A35 /* AppLibrary */ = {
			isa = PBXGroup;
			children = (
				AF3180AB29A083BD00AE8A35 /* AppLibrary.entitlements */,
				AF4C9BBD29A0A14B00BDBEC4 /* Info.plist */,
				AF3180A229A083BB00AE8A35 /* App.swift */,
				AF3180A629A083BD00AE8A35 /* Assets.xcassets */,
				AF3180B729A085A400AE8A35 /* Application */,
				AF4C9BCA29A19D5C00BDBEC4 /* Data */,
				AF3180B629A0859400AE8A35 /* Extensions */,
				AF3180BE29A0876500AE8A35 /* Helpers */,
				AF3180B529A0859100AE8A35 /* Views */,
			);
			path = AppLibrary;
			sourceTree = "<group>";
		};
		AF3180B129A0843F00AE8A35 /* Packages */ = {
			isa = PBXGroup;
			children = (
				AF3180B229A0844B00AE8A35 /* LoveCore */,
				AF3180B329A0845B00AE8A35 /* MathematicsKit */,
				AF3180B429A0846A00AE8A35 /* MoreViews */,
			);
			path = Packages;
			sourceTree = "<group>";
		};
		AF3180B529A0859100AE8A35 /* Views */ = {
			isa = PBXGroup;
			children = (
				AF3180A429A083BB00AE8A35 /* ContentView.swift */,
				AF3180BC29A0867C00AE8A35 /* AppTile.swift */,
				AF4C9BBB29A0A12000BDBEC4 /* GrantPermissionsView.swift */,
				AF4C9BC029A0A65E00BDBEC4 /* AppListView.swift */,
				AF4C9BC229A0AE5B00BDBEC4 /* SettingsView.swift */,
				AF4C9BCD29A20EE300BDBEC4 /* DockView.swift */,
			);
			path = Views;
			sourceTree = "<group>";
		};
		AF3180B629A0859400AE8A35 /* Extensions */ = {
			isa = PBXGroup;
			children = (
				AF3180C129A096D400AE8A35 /* NSImage+Extension.swift */,
				AF4C9BC429A0AFC600BDBEC4 /* UserDefaults+Extension.swift */,
			);
			path = Extensions;
			sourceTree = "<group>";
		};
		AF3180B729A085A400AE8A35 /* Application */ = {
			isa = PBXGroup;
			children = (
				AF3180BA29A0863F00AE8A35 /* AppState.swift */,
				AF4C9BC629A0B41B00BDBEC4 /* AppSettings.swift */,
				AF4C9BC829A0D68000BDBEC4 /* AppDelegate.swift */,
			);
			path = Application;
			sourceTree = "<group>";
		};
		AF3180BE29A0876500AE8A35 /* Helpers */ = {
			isa = PBXGroup;
			children = (
				AF3180BF29A0877000AE8A35 /* DockUtility.swift */,
				AF4C9BBE29A0A2B300BDBEC4 /* Bookmarks.swift */,
			);
			path = Helpers;
			sourceTree = "<group>";
		};
		AF3180C329A0986100AE8A35 /* Frameworks */ = {
			isa = PBXGroup;
			children = (
			);
			name = Frameworks;
			sourceTree = "<group>";
		};
		AF4C9BCA29A19D5C00BDBEC4 /* Data */ = {
			isa = PBXGroup;
			children = (
				AF4C9BCB29A19D6200BDBEC4 /* LibraryStyle.swift */,
			);
			path = Data;
			sourceTree = "<group>";
		};
/* End PBXGroup section */

/* Begin PBXNativeTarget section */
		AF31809E29A083BB00AE8A35 /* AppLibrary */ = {
			isa = PBXNativeTarget;
			buildConfigurationList = AF3180AE29A083BD00AE8A35 /* Build configuration list for PBXNativeTarget "AppLibrary" */;
			buildPhases = (
				AF31809B29A083BB00AE8A35 /* Sources */,
				AF31809C29A083BB00AE8A35 /* Frameworks */,
				AF31809D29A083BB00AE8A35 /* Resources */,
			);
			buildRules = (
			);
			dependencies = (
			);
			name = AppLibrary;
			packageProductDependencies = (
				AF3180C429A0986100AE8A35 /* LoveCore */,
				AF3180C629A0986100AE8A35 /* MoreViews */,
			);
			productName = AppLibrary;
			productReference = AF31809F29A083BB00AE8A35 /* AppLibrary.app */;
			productType = "com.apple.product-type.application";
		};
/* End PBXNativeTarget section */

/* Begin PBXProject section */
		AF31809729A083BB00AE8A35 /* Project object */ = {
			isa = PBXProject;
			attributes = {
				BuildIndependentTargetsInParallel = 1;
				LastSwiftUpdateCheck = 1420;
				LastUpgradeCheck = 1420;
				TargetAttributes = {
					AF31809E29A083BB00AE8A35 = {
						CreatedOnToolsVersion = 14.2;
					};
				};
			};
			buildConfigurationList = AF31809A29A083BB00AE8A35 /* Build configuration list for PBXProject "AppLibrary" */;
			compatibilityVersion = "Xcode 14.0";
			developmentRegion = en;
			hasScannedForEncodings = 0;
			knownRegions = (
				en,
				Base,
			);
			mainGroup = AF31809629A083BB00AE8A35;
			productRefGroup = AF3180A029A083BB00AE8A35 /* Products */;
			projectDirPath = "";
			projectRoot = "";
			targets = (
				AF31809E29A083BB00AE8A35 /* AppLibrary */,
			);
		};
/* End PBXProject section */

/* Begin PBXResourcesBuildPhase section */
		AF31809D29A083BB00AE8A35 /* Resources */ = {
			isa = PBXResourcesBuildPhase;
			buildActionMask = 2147483647;
			files = (
				AF3180A729A083BD00AE8A35 /* Assets.xcassets in Resources */,
			);
			runOnlyForDeploymentPostprocessing = 0;
		};
/* End PBXResourcesBuildPhase section */

/* Begin PBXSourcesBuildPhase section */
		AF31809B29A083BB00AE8A35 /* Sources */ = {
			isa = PBXSourcesBuildPhase;
			buildActionMask = 2147483647;
			files = (
				AF4C9BC729A0B41B00BDBEC4 /* AppSettings.swift in Sources */,
				AF3180BD29A0867C00AE8A35 /* AppTile.swift in Sources */,
				AF3180C029A0877000AE8A35 /* DockUtility.swift in Sources */,
				AF3180C229A096D400AE8A35 /* NSImage+Extension.swift in Sources */,
				AF4C9BC129A0A65E00BDBEC4 /* AppListView.swift in Sources */,
				AF3180A529A083BB00AE8A35 /* ContentView.swift in Sources */,
				AF3180A329A083BB00AE8A35 /* App.swift in Sources */,
				AF4C9BC329A0AE5B00BDBEC4 /* SettingsView.swift in Sources */,
				AF4C9BC929A0D68000BDBEC4 /* AppDelegate.swift in Sources */,
				AF4C9BBF29A0A2B300BDBEC4 /* Bookmarks.swift in Sources */,
				AF4C9BCE29A20EE300BDBEC4 /* DockView.swift in Sources */,
				AF4C9BBC29A0A12000BDBEC4 /* GrantPermissionsView.swift in Sources */,
				AF4C9BC529A0AFC600BDBEC4 /* UserDefaults+Extension.swift in Sources */,
				AF3180BB29A0863F00AE8A35 /* AppState.swift in Sources */,
				AF4C9BCC29A19D6200BDBEC4 /* LibraryStyle.swift in Sources */,
			);
			runOnlyForDeploymentPostprocessing = 0;
		};
/* End PBXSourcesBuildPhase section */

/* Begin XCBuildConfiguration section */
		AF3180AC29A083BD00AE8A35 /* Debug */ = {
			isa = XCBuildConfiguration;
			buildSettings = {
				ALWAYS_SEARCH_USER_PATHS = NO;
				CLANG_ANALYZER_NONNULL = YES;
				CLANG_ANALYZER_NUMBER_OBJECT_CONVERSION = YES_AGGRESSIVE;
				CLANG_CXX_LANGUAGE_STANDARD = "gnu++20";
				CLANG_ENABLE_MODULES = YES;
				CLANG_ENABLE_OBJC_ARC = YES;
				CLANG_ENABLE_OBJC_WEAK = YES;
				CLANG_WARN_BLOCK_CAPTURE_AUTORELEASING = YES;
				CLANG_WARN_BOOL_CONVERSION = YES;
				CLANG_WARN_COMMA = YES;
				CLANG_WARN_CONSTANT_CONVERSION = YES;
				CLANG_WARN_DEPRECATED_OBJC_IMPLEMENTATIONS = YES;
				CLANG_WARN_DIRECT_OBJC_ISA_USAGE = YES_ERROR;
				CLANG_WARN_DOCUMENTATION_COMMENTS = YES;
				CLANG_WARN_EMPTY_BODY = YES;
				CLANG_WARN_ENUM_CONVERSION = YES;
				CLANG_WARN_INFINITE_RECURSION = YES;
				CLANG_WARN_INT_CONVERSION = YES;
				CLANG_WARN_NON_LITERAL_NULL_CONVERSION = YES;
				CLANG_WARN_OBJC_IMPLICIT_RETAIN_SELF = YES;
				CLANG_WARN_OBJC_LITERAL_CONVERSION = YES;
				CLANG_WARN_OBJC_ROOT_CLASS = YES_ERROR;
				CLANG_WARN_QUOTED_INCLUDE_IN_FRAMEWORK_HEADER = YES;
				CLANG_WARN_RANGE_LOOP_ANALYSIS = YES;
				CLANG_WARN_STRICT_PROTOTYPES = YES;
				CLANG_WARN_SUSPICIOUS_MOVE = YES;
				CLANG_WARN_UNGUARDED_AVAILABILITY = YES_AGGRESSIVE;
				CLANG_WARN_UNREACHABLE_CODE = YES;
				CLANG_WARN__DUPLICATE_METHOD_MATCH = YES;
				COPY_PHASE_STRIP = NO;
				DEAD_CODE_STRIPPING = YES;
				DEBUG_INFORMATION_FORMAT = dwarf;
				ENABLE_STRICT_OBJC_MSGSEND = YES;
				ENABLE_TESTABILITY = YES;
				GCC_C_LANGUAGE_STANDARD = gnu11;
				GCC_DYNAMIC_NO_PIC = NO;
				GCC_NO_COMMON_BLOCKS = YES;
				GCC_OPTIMIZATION_LEVEL = 0;
				GCC_PREPROCESSOR_DEFINITIONS = (
					"DEBUG=1",
					"$(inherited)",
				);
				GCC_WARN_64_TO_32_BIT_CONVERSION = YES;
				GCC_WARN_ABOUT_RETURN_TYPE = YES_ERROR;
				GCC_WARN_UNDECLARED_SELECTOR = YES;
				GCC_WARN_UNINITIALIZED_AUTOS = YES_AGGRESSIVE;
				GCC_WARN_UNUSED_FUNCTION = YES;
				GCC_WARN_UNUSED_VARIABLE = YES;
				INFOPLIST_KEY_CFBundleDisplayName = "App Library";
				INFOPLIST_KEY_NSHumanReadableCopyright = "© %@ Ryan Boyer";
				MACOSX_DEPLOYMENT_TARGET = 13.0;
				MTL_ENABLE_DEBUG_INFO = INCLUDE_SOURCE;
				MTL_FAST_MATH = YES;
				ONLY_ACTIVE_ARCH = YES;
				SDKROOT = macosx;
				SWIFT_ACTIVE_COMPILATION_CONDITIONS = DEBUG;
				SWIFT_OPTIMIZATION_LEVEL = "-Onone";
			};
			name = Debug;
		};
		AF3180AD29A083BD00AE8A35 /* Release */ = {
			isa = XCBuildConfiguration;
			buildSettings = {
				ALWAYS_SEARCH_USER_PATHS = NO;
				CLANG_ANALYZER_NONNULL = YES;
				CLANG_ANALYZER_NUMBER_OBJECT_CONVERSION = YES_AGGRESSIVE;
				CLANG_CXX_LANGUAGE_STANDARD = "gnu++20";
				CLANG_ENABLE_MODULES = YES;
				CLANG_ENABLE_OBJC_ARC = YES;
				CLANG_ENABLE_OBJC_WEAK = YES;
				CLANG_WARN_BLOCK_CAPTURE_AUTORELEASING = YES;
				CLANG_WARN_BOOL_CONVERSION = YES;
				CLANG_WARN_COMMA = YES;
				CLANG_WARN_CONSTANT_CONVERSION = YES;
				CLANG_WARN_DEPRECATED_OBJC_IMPLEMENTATIONS = YES;
				CLANG_WARN_DIRECT_OBJC_ISA_USAGE = YES_ERROR;
				CLANG_WARN_DOCUMENTATION_COMMENTS = YES;
				CLANG_WARN_EMPTY_BODY = YES;
				CLANG_WARN_ENUM_CONVERSION = YES;
				CLANG_WARN_INFINITE_RECURSION = YES;
				CLANG_WARN_INT_CONVERSION = YES;
				CLANG_WARN_NON_LITERAL_NULL_CONVERSION = YES;
				CLANG_WARN_OBJC_IMPLICIT_RETAIN_SELF = YES;
				CLANG_WARN_OBJC_LITERAL_CONVERSION = YES;
				CLANG_WARN_OBJC_ROOT_CLASS = YES_ERROR;
				CLANG_WARN_QUOTED_INCLUDE_IN_FRAMEWORK_HEADER = YES;
				CLANG_WARN_RANGE_LOOP_ANALYSIS = YES;
				CLANG_WARN_STRICT_PROTOTYPES = YES;
				CLANG_WARN_SUSPICIOUS_MOVE = YES;
				CLANG_WARN_UNGUARDED_AVAILABILITY = YES_AGGRESSIVE;
				CLANG_WARN_UNREACHABLE_CODE = YES;
				CLANG_WARN__DUPLICATE_METHOD_MATCH = YES;
				COPY_PHASE_STRIP = NO;
				DEAD_CODE_STRIPPING = YES;
				DEBUG_INFORMATION_FORMAT = "dwarf-with-dsym";
				ENABLE_NS_ASSERTIONS = NO;
				ENABLE_STRICT_OBJC_MSGSEND = YES;
				GCC_C_LANGUAGE_STANDARD = gnu11;
				GCC_NO_COMMON_BLOCKS = YES;
				GCC_WARN_64_TO_32_BIT_CONVERSION = YES;
				GCC_WARN_ABOUT_RETURN_TYPE = YES_ERROR;
				GCC_WARN_UNDECLARED_SELECTOR = YES;
				GCC_WARN_UNINITIALIZED_AUTOS = YES_AGGRESSIVE;
				GCC_WARN_UNUSED_FUNCTION = YES;
				GCC_WARN_UNUSED_VARIABLE = YES;
				INFOPLIST_KEY_CFBundleDisplayName = "App Library";
				INFOPLIST_KEY_NSHumanReadableCopyright = "© %@ Ryan Boyer";
				MACOSX_DEPLOYMENT_TARGET = 13.0;
				MTL_ENABLE_DEBUG_INFO = NO;
				MTL_FAST_MATH = YES;
				SDKROOT = macosx;
				SWIFT_COMPILATION_MODE = wholemodule;
				SWIFT_OPTIMIZATION_LEVEL = "-O";
			};
			name = Release;
		};
		AF3180AF29A083BD00AE8A35 /* Debug */ = {
			isa = XCBuildConfiguration;
			buildSettings = {
				ASSETCATALOG_COMPILER_APPICON_NAME = AppIcon;
				ASSETCATALOG_COMPILER_GLOBAL_ACCENT_COLOR_NAME = AccentColor;
				CODE_SIGN_ENTITLEMENTS = AppLibrary/AppLibrary.entitlements;
				CODE_SIGN_IDENTITY = "-";
				CODE_SIGN_STYLE = Automatic;
				COMBINE_HIDPI_IMAGES = YES;
				CURRENT_PROJECT_VERSION = 302;
				DEAD_CODE_STRIPPING = YES;
				DEVELOPMENT_TEAM = 838RGQ32CA;
				ENABLE_HARDENED_RUNTIME = YES;
				GENERATE_INFOPLIST_FILE = YES;
				INFOPLIST_FILE = AppLibrary/Info.plist;
				INFOPLIST_KEY_CFBundleDisplayName = "App Library";
				INFOPLIST_KEY_LSApplicationCategoryType = "public.app-category.utilities";
				INFOPLIST_KEY_NSHumanReadableCopyright = "";
				LD_RUNPATH_SEARCH_PATHS = (
					"$(inherited)",
					"@executable_path/../Frameworks",
				);
				MACOSX_DEPLOYMENT_TARGET = 13.0;
				MARKETING_VERSION = 1.0.0;
				PRODUCT_BUNDLE_IDENTIFIER = com.DevelopedWithLove.AppLibrary;
				PRODUCT_NAME = "$(TARGET_NAME)";
				SWIFT_EMIT_LOC_STRINGS = YES;
				SWIFT_VERSION = 5.0;
			};
			name = Debug;
		};
		AF3180B029A083BD00AE8A35 /* Release */ = {
			isa = XCBuildConfiguration;
			buildSettings = {
				ASSETCATALOG_COMPILER_APPICON_NAME = AppIcon;
				ASSETCATALOG_COMPILER_GLOBAL_ACCENT_COLOR_NAME = AccentColor;
				CODE_SIGN_ENTITLEMENTS = AppLibrary/AppLibrary.entitlements;
				CODE_SIGN_IDENTITY = "-";
				CODE_SIGN_STYLE = Automatic;
				COMBINE_HIDPI_IMAGES = YES;
				CURRENT_PROJECT_VERSION = 302;
				DEAD_CODE_STRIPPING = YES;
				DEVELOPMENT_TEAM = 838RGQ32CA;
				ENABLE_HARDENED_RUNTIME = YES;
				GENERATE_INFOPLIST_FILE = YES;
				INFOPLIST_FILE = AppLibrary/Info.plist;
				INFOPLIST_KEY_CFBundleDisplayName = "App Library";
				INFOPLIST_KEY_LSApplicationCategoryType = "public.app-category.utilities";
				INFOPLIST_KEY_NSHumanReadableCopyright = "";
				LD_RUNPATH_SEARCH_PATHS = (
					"$(inherited)",
					"@executable_path/../Frameworks",
				);
				MACOSX_DEPLOYMENT_TARGET = 13.0;
				MARKETING_VERSION = 1.0.0;
				PRODUCT_BUNDLE_IDENTIFIER = com.DevelopedWithLove.AppLibrary;
				PRODUCT_NAME = "$(TARGET_NAME)";
				SWIFT_EMIT_LOC_STRINGS = YES;
				SWIFT_VERSION = 5.0;
			};
			name = Release;
		};
/* End XCBuildConfiguration section */

/* Begin XCConfigurationList section */
		AF31809A29A083BB00AE8A35 /* Build configuration list for PBXProject "AppLibrary" */ = {
			isa = XCConfigurationList;
			buildConfigurations = (
				AF3180AC29A083BD00AE8A35 /* Debug */,
				AF3180AD29A083BD00AE8A35 /* Release */,
			);
			defaultConfigurationIsVisible = 0;
			defaultConfigurationName = Release;
		};
		AF3180AE29A083BD00AE8A35 /* Build configuration list for PBXNativeTarget "AppLibrary" */ = {
			isa = XCConfigurationList;
			buildConfigurations = (
				AF3180AF29A083BD00AE8A35 /* Debug */,
				AF3180B029A083BD00AE8A35 /* Release */,
			);
			defaultConfigurationIsVisible = 0;
			defaultConfigurationName = Release;
		};
/* End XCConfigurationList section */

/* Begin XCSwiftPackageProductDependency section */
		AF3180C429A0986100AE8A35 /* LoveCore */ = {
			isa = XCSwiftPackageProductDependency;
			productName = LoveCore;
		};
		AF3180C629A0986100AE8A35 /* MoreViews */ = {
			isa = XCSwiftPackageProductDependency;
			productName = MoreViews;
		};
/* End XCSwiftPackageProductDependency section */
	};
	rootObject = AF31809729A083BB00AE8A35 /* Project object */;
}
