{
  "pins" : [
    {
      "identity" : "cursorkit",
      "kind" : "remoteSourceControl",
      "location" : "https://github.com/ryanslikesocool/CursorKit.git",
      "state" : {
        "revision" : "4137e3813332b38d860a597d201f191ae7526b7a",
        "version" : "1.1.0"
      }
    }
  ],
  "version" : 2
}
